
Microsoft Visual Studio Solution File, Format Version 12.00
# Visual Studio Version 17
VisualStudioVersion = 17.7.34024.191
MinimumVisualStudioVersion = 10.0.40219.1
Project("{9A19103F-16F7-4668-BE54-9A1E7A4F7556}") = "GetLostApp", "GetLostApp.csproj", "{758D2103-810D-44AF-BF0F-4A0ADF2C5CCB}"
EndProject
Global
	GlobalSection(SolutionConfigurationPlatforms) = preSolution
		Debug|Any CPU = Debug|Any CPU
		Release|Any CPU = Release|Any CPU
	EndGlobalSection
	GlobalSection(ProjectConfigurationPlatforms) = postSolution
		{758D2103-810D-44AF-BF0F-4A0ADF2C5CCB}.Debug|Any CPU.ActiveCfg = Debug|Any CPU
		{758D2103-810D-44AF-BF0F-4A0ADF2C5CCB}.Debug|Any CPU.Build.0 = Debug|Any CPU
		{758D2103-810D-44AF-BF0F-4A0ADF2C5CCB}.Release|Any CPU.ActiveCfg = Release|Any CPU
		{758D2103-810D-44AF-BF0F-4A0ADF2C5CCB}.Release|Any CPU.Build.0 = Release|Any CPU
	EndGlobalSection
	GlobalSection(SolutionProperties) = preSolution
		HideSolutionNode = FALSE
	EndGlobalSection
	GlobalSection(ExtensibilityGlobals) = postSolution
		SolutionGuid = {F53880D9-5103-460A-86AB-B3BA28C2D772}
	EndGlobalSection
EndGlobal
